
Microsoft Visual Studio Solution File, Format Version 12.00
# Visual Studio Version 16
VisualStudioVersion = 16.0.33927.289
MinimumVisualStudioVersion = 10.0.40219.1
Project("{FAE04EC0-301F-11D3-BF4B-00C04F79EFBC}") = "Tyuiu.VorobevSA.Sprint4.Task0.V6", "Tyuiu.VorobevSA.Sprint4.Task0.V6\Tyuiu.VorobevSA.Sprint4.Task0.V6.csproj", "{6A424AA4-3835-466A-B9CB-835C038F0A64}"
EndProject
Project("{2150E333-8FDC-42A3-9474-1A3956D46DE8}") = "Task0", "Task0", "{71F97D76-96D7-4C7A-89E8-E5012261D0A9}"
EndProject
Project("{FAE04EC0-301F-11D3-BF4B-00C04F79EFBC}") = "Tyuiu.VorobevSA.Sprint4.Task0.V6.Lib", "Tyuiu.VorobevSA.Sprint4.Task0.V6.Lib\Tyuiu.VorobevSA.Sprint4.Task0.V6.Lib.csproj", "{159127AA-A5DC-4095-9FBC-7C83208B28C8}"
EndProject
Project("{FAE04EC0-301F-11D3-BF4B-00C04F79EFBC}") = "Tyuiu.VorobevSA.Sprint4.Task0.V6.Test", "Tyuiu.VorobevSA.Sprint4.Task0.V6.Test\Tyuiu.VorobevSA.Sprint4.Task0.V6.Test.csproj", "{A217AB64-2436-4DF9-B4B1-9B2B4F651DBF}"
EndProject
Project("{2150E333-8FDC-42A3-9474-1A3956D46DE8}") = "Task1", "Task1", "{C92A5BC5-D100-458A-92E2-440797BD50B8}"
EndProject
Project("{FAE04EC0-301F-11D3-BF4B-00C04F79EFBC}") = "Tyuiu.VorobevSA.Sprint4.Task1.V18", "Tyuiu.VorobevSA.Sprint4.Task1.V18\Tyuiu.VorobevSA.Sprint4.Task1.V18.csproj", "{9FB561C6-1BC2-420A-BB55-E56FB01E3E9C}"
EndProject
Project("{FAE04EC0-301F-11D3-BF4B-00C04F79EFBC}") = "Tyuiu.VorobevSA.Sprint4.Task1.V18.Lib", "Tyuiu.VorobevSA.Sprint4.Task1.V18.Lib\Tyuiu.VorobevSA.Sprint4.Task1.V18.Lib.csproj", "{F89D4B07-5239-4540-B262-C5F741554E6A}"
EndProject
Project("{FAE04EC0-301F-11D3-BF4B-00C04F79EFBC}") = "Tyuiu.VorobevSA.Sprint4.Task1.V18.Test", "Tyuiu.VorobevSA.Sprint4.Task1.V18.Test\Tyuiu.VorobevSA.Sprint4.Task1.V18.Test.csproj", "{9E116D36-36A0-450F-8C86-10D2947332A2}"
EndProject
Project("{2150E333-8FDC-42A3-9474-1A3956D46DE8}") = "Task2", "Task2", "{4078F153-C77E-4B4D-926B-0E18FDFAEF49}"
EndProject
Project("{FAE04EC0-301F-11D3-BF4B-00C04F79EFBC}") = "Tyuiu.VorobevSA.Sprint4.Task2.V4", "Tyuiu.VorobevSA.Sprint4.Task2.V4\Tyuiu.VorobevSA.Sprint4.Task2.V4.csproj", "{B3AAF8FF-A3A3-44DB-98AF-7361024C5676}"
EndProject
Project("{FAE04EC0-301F-11D3-BF4B-00C04F79EFBC}") = "Tyuiu.VorobevSA.Sprint4.Task2.V4.Lib", "Tyuiu.VorobevSA.Sprint4.Task2.V4.Lib\Tyuiu.VorobevSA.Sprint4.Task2.V4.Lib.csproj", "{38183964-FEBE-4A1D-9AD2-E9F2C17DF894}"
EndProject
Project("{FAE04EC0-301F-11D3-BF4B-00C04F79EFBC}") = "Tyuiu.VorobevSA.Sprint4.Task2.V4.Test", "Tyuiu.VorobevSA.Sprint4.Task2.V4.Test\Tyuiu.VorobevSA.Sprint4.Task2.V4.Test.csproj", "{5A713F2F-A59D-44BE-8F44-81BAA9D62AC6}"
EndProject
Project("{2150E333-8FDC-42A3-9474-1A3956D46DE8}") = "Task3", "Task3", "{08A4B2C5-9A47-44CD-9836-EE6F4E361AB0}"
EndProject
Project("{FAE04EC0-301F-11D3-BF4B-00C04F79EFBC}") = "Tyuiu.VorobevSA.Sprint4.Task3.V9", "Tyuiu.VorobevSA.Sprint4.Task3.V9\Tyuiu.VorobevSA.Sprint4.Task3.V9.csproj", "{E30F881D-B944-491F-B7E9-BC67C90A725A}"
EndProject
Project("{FAE04EC0-301F-11D3-BF4B-00C04F79EFBC}") = "Tyuiu.VorobevSA.Sprint4.Task3.V9.Lib", "Tyuiu.VorobevSA.Sprint4.Task3.V9.Lib\Tyuiu.VorobevSA.Sprint4.Task3.V9.Lib.csproj", "{14CC5216-3C61-494C-8F91-B893AB84B09F}"
EndProject
Project("{FAE04EC0-301F-11D3-BF4B-00C04F79EFBC}") = "Tyuiu.VorobevSA.Sprint4.Task3.V9.Test", "Tyuiu.VorobevSA.Sprint4.Task3.V9.Test\Tyuiu.VorobevSA.Sprint4.Task3.V9.Test.csproj", "{D3767FFF-D649-492B-8B4D-FFD434B9F3FA}"
EndProject
Project("{2150E333-8FDC-42A3-9474-1A3956D46DE8}") = "Task4", "Task4", "{F79129AB-60AE-41F5-B39C-9796C2548A8B}"
EndProject
Project("{FAE04EC0-301F-11D3-BF4B-00C04F79EFBC}") = "Tyuiu.VorobevSA.Sprint4.Task4.V12", "Tyuiu.VorobevSA.Sprint4.Task4.V12\Tyuiu.VorobevSA.Sprint4.Task4.V12.csproj", "{D116518F-2A75-42EC-B9A5-7D6F7A0EA92F}"
EndProject
Project("{FAE04EC0-301F-11D3-BF4B-00C04F79EFBC}") = "Tyuiu.VorobevSA.Sprint4.Task4.V12.Lib", "Tyuiu.VorobevSA.Sprint4.Task4.V12.Lib\Tyuiu.VorobevSA.Sprint4.Task4.V12.Lib.csproj", "{9FFCF57F-890E-44DD-B077-CE8AAC9C1BF9}"
EndProject
Project("{FAE04EC0-301F-11D3-BF4B-00C04F79EFBC}") = "Tyuiu.VorobevSA.Sprint4.Task4.V12.Test", "Tyuiu.VorobevSA.Sprint4.Task4.V12.Test\Tyuiu.VorobevSA.Sprint4.Task4.V12.Test.csproj", "{0D9C6BD4-B4C5-4E18-BFFB-B1D20A83278C}"
EndProject
Project("{2150E333-8FDC-42A3-9474-1A3956D46DE8}") = "Task5", "Task5", "{2A1B3668-D813-4F22-8A8A-EFEAB4A42833}"
EndProject
Project("{FAE04EC0-301F-11D3-BF4B-00C04F79EFBC}") = "Tyuiu.VorobevSA.Sprint4.Task5.V12", "Tyuiu.VorobevSA.Sprint4.Task5.V12\Tyuiu.VorobevSA.Sprint4.Task5.V12.csproj", "{938414A2-92F6-4F0A-B371-B4DB37012A9D}"
EndProject
Project("{FAE04EC0-301F-11D3-BF4B-00C04F79EFBC}") = "Tyuiu.VorobevSA.Sprint4.Task5.V12.Lib", "Tyuiu.VorobevSA.Sprint4.Task5.V12.Lib\Tyuiu.VorobevSA.Sprint4.Task5.V12.Lib.csproj", "{93601DEE-25A5-4124-9D04-A9B889A1C665}"
EndProject
Project("{FAE04EC0-301F-11D3-BF4B-00C04F79EFBC}") = "Tyuiu.VorobevSA.Sprint4.Task5.V12.Test", "Tyuiu.VorobevSA.Sprint4.Task5.V12.Test\Tyuiu.VorobevSA.Sprint4.Task5.V12.Test.csproj", "{A0F62892-8C46-457B-AC60-D5CB9ED84681}"
EndProject
Project("{2150E333-8FDC-42A3-9474-1A3956D46DE8}") = "Task6", "Task6", "{48C1A016-6E75-4416-8DC1-F2424EEAB36F}"
EndProject
Project("{FAE04EC0-301F-11D3-BF4B-00C04F79EFBC}") = "Tyuiu.VorobevSA.Sprint4.Task6.V8", "Tyuiu.VorobevSA.Sprint4.Task6.V8\Tyuiu.VorobevSA.Sprint4.Task6.V8.csproj", "{C96345F0-D541-4C19-A5B6-CBBD288D05E4}"
EndProject
Project("{FAE04EC0-301F-11D3-BF4B-00C04F79EFBC}") = "Tyuiu.VorobevSA.Sprint4.Task6.V8.Lib", "Tyuiu.VorobevSA.Sprint4.Task6.V8.Lib\Tyuiu.VorobevSA.Sprint4.Task6.V8.Lib.csproj", "{FFC1F4E4-CE46-4DC7-B2C4-B67413AB1995}"
EndProject
Project("{FAE04EC0-301F-11D3-BF4B-00C04F79EFBC}") = "Tyuiu.VorobevSA.Sprint4.Task6.V8.Test", "Tyuiu.VorobevSA.Sprint4.Task6.V8.Test\Tyuiu.VorobevSA.Sprint4.Task6.V8.Test.csproj", "{E19B4BDB-2954-4541-A3CB-BFA4AF0F6B5E}"
EndProject
Project("{2150E333-8FDC-42A3-9474-1A3956D46DE8}") = "Task7", "Task7", "{1F298F2E-6138-41D1-9B44-4811E30ABD21}"
EndProject
Project("{FAE04EC0-301F-11D3-BF4B-00C04F79EFBC}") = "Tyuiu.VorobevSA.Sprint4.Task7.V11", "Tyuiu.VorobevSA.Sprint4.Task7.V11\Tyuiu.VorobevSA.Sprint4.Task7.V11.csproj", "{CBEE7480-7019-4BDD-8BF5-BA410C326D4F}"
EndProject
Project("{FAE04EC0-301F-11D3-BF4B-00C04F79EFBC}") = "Tyuiu.VorobevSA.Sprint4.Task7.V11.Lib", "Tyuiu.VorobevSA.Sprint4.Task7.V11.Lib\Tyuiu.VorobevSA.Sprint4.Task7.V11.Lib.csproj", "{175CDA38-F5EA-40C9-85F2-77309E4E27A3}"
EndProject
Project("{FAE04EC0-301F-11D3-BF4B-00C04F79EFBC}") = "Tyuiu.VorobevSA.Sprint4.Task7.V11.Test", "Tyuiu.VorobevSA.Sprint4.Task7.V11.Test\Tyuiu.VorobevSA.Sprint4.Task7.V11.Test.csproj", "{827CBC6C-881D-4D4B-ABEE-3CFEA48BAAC1}"
EndProject
Global
	GlobalSection(SolutionConfigurationPlatforms) = preSolution
		Debug|Any CPU = Debug|Any CPU
		Release|Any CPU = Release|Any CPU
	EndGlobalSection
	GlobalSection(ProjectConfigurationPlatforms) = postSolution
		{6A424AA4-3835-466A-B9CB-835C038F0A64}.Debug|Any CPU.ActiveCfg = Debug|Any CPU
		{6A424AA4-3835-466A-B9CB-835C038F0A64}.Debug|Any CPU.Build.0 = Debug|Any CPU
		{6A424AA4-3835-466A-B9CB-835C038F0A64}.Release|Any CPU.ActiveCfg = Release|Any CPU
		{6A424AA4-3835-466A-B9CB-835C038F0A64}.Release|Any CPU.Build.0 = Release|Any CPU
		{159127AA-A5DC-4095-9FBC-7C83208B28C8}.Debug|Any CPU.ActiveCfg = Debug|Any CPU
		{159127AA-A5DC-4095-9FBC-7C83208B28C8}.Debug|Any CPU.Build.0 = Debug|Any CPU
		{159127AA-A5DC-4095-9FBC-7C83208B28C8}.Release|Any CPU.ActiveCfg = Release|Any CPU
		{159127AA-A5DC-4095-9FBC-7C83208B28C8}.Release|Any CPU.Build.0 = Release|Any CPU
		{A217AB64-2436-4DF9-B4B1-9B2B4F651DBF}.Debug|Any CPU.ActiveCfg = Debug|Any CPU
		{A217AB64-2436-4DF9-B4B1-9B2B4F651DBF}.Debug|Any CPU.Build.0 = Debug|Any CPU
		{A217AB64-2436-4DF9-B4B1-9B2B4F651DBF}.Release|Any CPU.ActiveCfg = Release|Any CPU
		{A217AB64-2436-4DF9-B4B1-9B2B4F651DBF}.Release|Any CPU.Build.0 = Release|Any CPU
		{9FB561C6-1BC2-420A-BB55-E56FB01E3E9C}.Debug|Any CPU.ActiveCfg = Debug|Any CPU
		{9FB561C6-1BC2-420A-BB55-E56FB01E3E9C}.Debug|Any CPU.Build.0 = Debug|Any CPU
		{9FB561C6-1BC2-420A-BB55-E56FB01E3E9C}.Release|Any CPU.ActiveCfg = Release|Any CPU
		{9FB561C6-1BC2-420A-BB55-E56FB01E3E9C}.Release|Any CPU.Build.0 = Release|Any CPU
		{F89D4B07-5239-4540-B262-C5F741554E6A}.Debug|Any CPU.ActiveCfg = Debug|Any CPU
		{F89D4B07-5239-4540-B262-C5F741554E6A}.Debug|Any CPU.Build.0 = Debug|Any CPU
		{F89D4B07-5239-4540-B262-C5F741554E6A}.Release|Any CPU.ActiveCfg = Release|Any CPU
		{F89D4B07-5239-4540-B262-C5F741554E6A}.Release|Any CPU.Build.0 = Release|Any CPU
		{9E116D36-36A0-450F-8C86-10D2947332A2}.Debug|Any CPU.ActiveCfg = Debug|Any CPU
		{9E116D36-36A0-450F-8C86-10D2947332A2}.Debug|Any CPU.Build.0 = Debug|Any CPU
		{9E116D36-36A0-450F-8C86-10D2947332A2}.Release|Any CPU.ActiveCfg = Release|Any CPU
		{9E116D36-36A0-450F-8C86-10D2947332A2}.Release|Any CPU.Build.0 = Release|Any CPU
		{B3AAF8FF-A3A3-44DB-98AF-7361024C5676}.Debug|Any CPU.ActiveCfg = Debug|Any CPU
		{B3AAF8FF-A3A3-44DB-98AF-7361024C5676}.Debug|Any CPU.Build.0 = Debug|Any CPU
		{B3AAF8FF-A3A3-44DB-98AF-7361024C5676}.Release|Any CPU.ActiveCfg = Release|Any CPU
		{B3AAF8FF-A3A3-44DB-98AF-7361024C5676}.Release|Any CPU.Build.0 = Release|Any CPU
		{38183964-FEBE-4A1D-9AD2-E9F2C17DF894}.Debug|Any CPU.ActiveCfg = Debug|Any CPU
		{38183964-FEBE-4A1D-9AD2-E9F2C17DF894}.Debug|Any CPU.Build.0 = Debug|Any CPU
		{38183964-FEBE-4A1D-9AD2-E9F2C17DF894}.Release|Any CPU.ActiveCfg = Release|Any CPU
		{38183964-FEBE-4A1D-9AD2-E9F2C17DF894}.Release|Any CPU.Build.0 = Release|Any CPU
		{5A713F2F-A59D-44BE-8F44-81BAA9D62AC6}.Debug|Any CPU.ActiveCfg = Debug|Any CPU
		{5A713F2F-A59D-44BE-8F44-81BAA9D62AC6}.Debug|Any CPU.Build.0 = Debug|Any CPU
		{5A713F2F-A59D-44BE-8F44-81BAA9D62AC6}.Release|Any CPU.ActiveCfg = Release|Any CPU
		{5A713F2F-A59D-44BE-8F44-81BAA9D62AC6}.Release|Any CPU.Build.0 = Release|Any CPU
		{E30F881D-B944-491F-B7E9-BC67C90A725A}.Debug|Any CPU.ActiveCfg = Debug|Any CPU
		{E30F881D-B944-491F-B7E9-BC67C90A725A}.Debug|Any CPU.Build.0 = Debug|Any CPU
		{E30F881D-B944-491F-B7E9-BC67C90A725A}.Release|Any CPU.ActiveCfg = Release|Any CPU
		{E30F881D-B944-491F-B7E9-BC67C90A725A}.Release|Any CPU.Build.0 = Release|Any CPU
		{14CC5216-3C61-494C-8F91-B893AB84B09F}.Debug|Any CPU.ActiveCfg = Debug|Any CPU
		{14CC5216-3C61-494C-8F91-B893AB84B09F}.Debug|Any CPU.Build.0 = Debug|Any CPU
		{14CC5216-3C61-494C-8F91-B893AB84B09F}.Release|Any CPU.ActiveCfg = Release|Any CPU
		{14CC5216-3C61-494C-8F91-B893AB84B09F}.Release|Any CPU.Build.0 = Release|Any CPU
		{D3767FFF-D649-492B-8B4D-FFD434B9F3FA}.Debug|Any CPU.ActiveCfg = Debug|Any CPU
		{D3767FFF-D649-492B-8B4D-FFD434B9F3FA}.Debug|Any CPU.Build.0 = Debug|Any CPU
		{D3767FFF-D649-492B-8B4D-FFD434B9F3FA}.Release|Any CPU.ActiveCfg = Release|Any CPU
		{D3767FFF-D649-492B-8B4D-FFD434B9F3FA}.Release|Any CPU.Build.0 = Release|Any CPU
		{D116518F-2A75-42EC-B9A5-7D6F7A0EA92F}.Debug|Any CPU.ActiveCfg = Debug|Any CPU
		{D116518F-2A75-42EC-B9A5-7D6F7A0EA92F}.Debug|Any CPU.Build.0 = Debug|Any CPU
		{D116518F-2A75-42EC-B9A5-7D6F7A0EA92F}.Release|Any CPU.ActiveCfg = Release|Any CPU
		{D116518F-2A75-42EC-B9A5-7D6F7A0EA92F}.Release|Any CPU.Build.0 = Release|Any CPU
		{9FFCF57F-890E-44DD-B077-CE8AAC9C1BF9}.Debug|Any CPU.ActiveCfg = Debug|Any CPU
		{9FFCF57F-890E-44DD-B077-CE8AAC9C1BF9}.Debug|Any CPU.Build.0 = Debug|Any CPU
		{9FFCF57F-890E-44DD-B077-CE8AAC9C1BF9}.Release|Any CPU.ActiveCfg = Release|Any CPU
		{9FFCF57F-890E-44DD-B077-CE8AAC9C1BF9}.Release|Any CPU.Build.0 = Release|Any CPU
		{0D9C6BD4-B4C5-4E18-BFFB-B1D20A83278C}.Debug|Any CPU.ActiveCfg = Debug|Any CPU
		{0D9C6BD4-B4C5-4E18-BFFB-B1D20A83278C}.Debug|Any CPU.Build.0 = Debug|Any CPU
		{0D9C6BD4-B4C5-4E18-BFFB-B1D20A83278C}.Release|Any CPU.ActiveCfg = Release|Any CPU
		{0D9C6BD4-B4C5-4E18-BFFB-B1D20A83278C}.Release|Any CPU.Build.0 = Release|Any CPU
		{938414A2-92F6-4F0A-B371-B4DB37012A9D}.Debug|Any CPU.ActiveCfg = Debug|Any CPU
		{938414A2-92F6-4F0A-B371-B4DB37012A9D}.Debug|Any CPU.Build.0 = Debug|Any CPU
		{938414A2-92F6-4F0A-B371-B4DB37012A9D}.Release|Any CPU.ActiveCfg = Release|Any CPU
		{938414A2-92F6-4F0A-B371-B4DB37012A9D}.Release|Any CPU.Build.0 = Release|Any CPU
		{93601DEE-25A5-4124-9D04-A9B889A1C665}.Debug|Any CPU.ActiveCfg = Debug|Any CPU
		{93601DEE-25A5-4124-9D04-A9B889A1C665}.Debug|Any CPU.Build.0 = Debug|Any CPU
		{93601DEE-25A5-4124-9D04-A9B889A1C665}.Release|Any CPU.ActiveCfg = Release|Any CPU
		{93601DEE-25A5-4124-9D04-A9B889A1C665}.Release|Any CPU.Build.0 = Release|Any CPU
		{A0F62892-8C46-457B-AC60-D5CB9ED84681}.Debug|Any CPU.ActiveCfg = Debug|Any CPU
		{A0F62892-8C46-457B-AC60-D5CB9ED84681}.Debug|Any CPU.Build.0 = Debug|Any CPU
		{A0F62892-8C46-457B-AC60-D5CB9ED84681}.Release|Any CPU.ActiveCfg = Release|Any CPU
		{A0F62892-8C46-457B-AC60-D5CB9ED84681}.Release|Any CPU.Build.0 = Release|Any CPU
		{C96345F0-D541-4C19-A5B6-CBBD288D05E4}.Debug|Any CPU.ActiveCfg = Debug|Any CPU
		{C96345F0-D541-4C19-A5B6-CBBD288D05E4}.Debug|Any CPU.Build.0 = Debug|Any CPU
		{C96345F0-D541-4C19-A5B6-CBBD288D05E4}.Release|Any CPU.ActiveCfg = Release|Any CPU
		{C96345F0-D541-4C19-A5B6-CBBD288D05E4}.Release|Any CPU.Build.0 = Release|Any CPU
		{FFC1F4E4-CE46-4DC7-B2C4-B67413AB1995}.Debug|Any CPU.ActiveCfg = Debug|Any CPU
		{FFC1F4E4-CE46-4DC7-B2C4-B67413AB1995}.Debug|Any CPU.Build.0 = Debug|Any CPU
		{FFC1F4E4-CE46-4DC7-B2C4-B67413AB1995}.Release|Any CPU.ActiveCfg = Release|Any CPU
		{FFC1F4E4-CE46-4DC7-B2C4-B67413AB1995}.Release|Any CPU.Build.0 = Release|Any CPU
		{E19B4BDB-2954-4541-A3CB-BFA4AF0F6B5E}.Debug|Any CPU.ActiveCfg = Debug|Any CPU
		{E19B4BDB-2954-4541-A3CB-BFA4AF0F6B5E}.Debug|Any CPU.Build.0 = Debug|Any CPU
		{E19B4BDB-2954-4541-A3CB-BFA4AF0F6B5E}.Release|Any CPU.ActiveCfg = Release|Any CPU
		{E19B4BDB-2954-4541-A3CB-BFA4AF0F6B5E}.Release|Any CPU.Build.0 = Release|Any CPU
		{CBEE7480-7019-4BDD-8BF5-BA410C326D4F}.Debug|Any CPU.ActiveCfg = Debug|Any CPU
		{CBEE7480-7019-4BDD-8BF5-BA410C326D4F}.Debug|Any CPU.Build.0 = Debug|Any CPU
		{CBEE7480-7019-4BDD-8BF5-BA410C326D4F}.Release|Any CPU.ActiveCfg = Release|Any CPU
		{CBEE7480-7019-4BDD-8BF5-BA410C326D4F}.Release|Any CPU.Build.0 = Release|Any CPU
		{175CDA38-F5EA-40C9-85F2-77309E4E27A3}.Debug|Any CPU.ActiveCfg = Debug|Any CPU
		{175CDA38-F5EA-40C9-85F2-77309E4E27A3}.Debug|Any CPU.Build.0 = Debug|Any CPU
		{175CDA38-F5EA-40C9-85F2-77309E4E27A3}.Release|Any CPU.ActiveCfg = Release|Any CPU
		{175CDA38-F5EA-40C9-85F2-77309E4E27A3}.Release|Any CPU.Build.0 = Release|Any CPU
		{827CBC6C-881D-4D4B-ABEE-3CFEA48BAAC1}.Debug|Any CPU.ActiveCfg = Debug|Any CPU
		{827CBC6C-881D-4D4B-ABEE-3CFEA48BAAC1}.Debug|Any CPU.Build.0 = Debug|Any CPU
		{827CBC6C-881D-4D4B-ABEE-3CFEA48BAAC1}.Release|Any CPU.ActiveCfg = Release|Any CPU
		{827CBC6C-881D-4D4B-ABEE-3CFEA48BAAC1}.Release|Any CPU.Build.0 = Release|Any CPU
	EndGlobalSection
	GlobalSection(SolutionProperties) = preSolution
		HideSolutionNode = FALSE
	EndGlobalSection
	GlobalSection(NestedProjects) = preSolution
		{6A424AA4-3835-466A-B9CB-835C038F0A64} = {71F97D76-96D7-4C7A-89E8-E5012261D0A9}
		{159127AA-A5DC-4095-9FBC-7C83208B28C8} = {71F97D76-96D7-4C7A-89E8-E5012261D0A9}
		{A217AB64-2436-4DF9-B4B1-9B2B4F651DBF} = {71F97D76-96D7-4C7A-89E8-E5012261D0A9}
		{9FB561C6-1BC2-420A-BB55-E56FB01E3E9C} = {C92A5BC5-D100-458A-92E2-440797BD50B8}
		{F89D4B07-5239-4540-B262-C5F741554E6A} = {C92A5BC5-D100-458A-92E2-440797BD50B8}
		{9E116D36-36A0-450F-8C86-10D2947332A2} = {C92A5BC5-D100-458A-92E2-440797BD50B8}
		{B3AAF8FF-A3A3-44DB-98AF-7361024C5676} = {4078F153-C77E-4B4D-926B-0E18FDFAEF49}
		{38183964-FEBE-4A1D-9AD2-E9F2C17DF894} = {4078F153-C77E-4B4D-926B-0E18FDFAEF49}
		{5A713F2F-A59D-44BE-8F44-81BAA9D62AC6} = {4078F153-C77E-4B4D-926B-0E18FDFAEF49}
		{E30F881D-B944-491F-B7E9-BC67C90A725A} = {08A4B2C5-9A47-44CD-9836-EE6F4E361AB0}
		{14CC5216-3C61-494C-8F91-B893AB84B09F} = {08A4B2C5-9A47-44CD-9836-EE6F4E361AB0}
		{D3767FFF-D649-492B-8B4D-FFD434B9F3FA} = {08A4B2C5-9A47-44CD-9836-EE6F4E361AB0}
		{D116518F-2A75-42EC-B9A5-7D6F7A0EA92F} = {F79129AB-60AE-41F5-B39C-9796C2548A8B}
		{9FFCF57F-890E-44DD-B077-CE8AAC9C1BF9} = {F79129AB-60AE-41F5-B39C-9796C2548A8B}
		{0D9C6BD4-B4C5-4E18-BFFB-B1D20A83278C} = {F79129AB-60AE-41F5-B39C-9796C2548A8B}
		{938414A2-92F6-4F0A-B371-B4DB37012A9D} = {2A1B3668-D813-4F22-8A8A-EFEAB4A42833}
		{93601DEE-25A5-4124-9D04-A9B889A1C665} = {2A1B3668-D813-4F22-8A8A-EFEAB4A42833}
		{A0F62892-8C46-457B-AC60-D5CB9ED84681} = {2A1B3668-D813-4F22-8A8A-EFEAB4A42833}
		{C96345F0-D541-4C19-A5B6-CBBD288D05E4} = {48C1A016-6E75-4416-8DC1-F2424EEAB36F}
		{FFC1F4E4-CE46-4DC7-B2C4-B67413AB1995} = {48C1A016-6E75-4416-8DC1-F2424EEAB36F}
		{E19B4BDB-2954-4541-A3CB-BFA4AF0F6B5E} = {48C1A016-6E75-4416-8DC1-F2424EEAB36F}
		{CBEE7480-7019-4BDD-8BF5-BA410C326D4F} = {1F298F2E-6138-41D1-9B44-4811E30ABD21}
		{175CDA38-F5EA-40C9-85F2-77309E4E27A3} = {1F298F2E-6138-41D1-9B44-4811E30ABD21}
		{827CBC6C-881D-4D4B-ABEE-3CFEA48BAAC1} = {1F298F2E-6138-41D1-9B44-4811E30ABD21}
	EndGlobalSection
	GlobalSection(ExtensibilityGlobals) = postSolution
		SolutionGuid = {5A3FAF17-C04A-401B-89F9-C576CED0604D}
	EndGlobalSection
EndGlobal
